
Microsoft Visual Studio Solution File, Format Version 12.00
# Visual Studio Express 2012 for Web
Project("{E24C65DC-7377-472B-9ABA-BC803B73C61A}") = "WEESemesterProject", ".", "{2D9DE035-6963-4156-B1EE-39CBDC42CA17}"
	ProjectSection(WebsiteProperties) = preProject
		TargetFrameworkMoniker = ".NETFramework,Version%3Dv4.8"
		Debug.AspNetCompiler.VirtualPath = "/WEESemesterProject"
		Debug.AspNetCompiler.PhysicalPath = "..\WEESemesterProject\"
		Debug.AspNetCompiler.TargetPath = "PrecompiledWeb\WEESemesterProject\"
		Debug.AspNetCompiler.Updateable = "true"
		Debug.AspNetCompiler.ForceOverwrite = "true"
		Debug.AspNetCompiler.FixedNames = "false"
		Debug.AspNetCompiler.Debug = "True"
		Release.AspNetCompiler.VirtualPath = "/WEESemesterProject"
		Release.AspNetCompiler.PhysicalPath = "..\WEESemesterProject\"
		Release.AspNetCompiler.TargetPath = "PrecompiledWeb\WEESemesterProject\"
		Release.AspNetCompiler.Updateable = "true"
		Release.AspNetCompiler.ForceOverwrite = "true"
		Release.AspNetCompiler.FixedNames = "false"
		Release.AspNetCompiler.Debug = "False"
		VWDPort = "65456"
	EndProjectSection
EndProject
Global
	GlobalSection(SolutionConfigurationPlatforms) = preSolution
		Debug|Any CPU = Debug|Any CPU
	EndGlobalSection
	GlobalSection(ProjectConfigurationPlatforms) = postSolution
		{2D9DE035-6963-4156-B1EE-39CBDC42CA17}.Debug|Any CPU.ActiveCfg = Debug|Any CPU
		{2D9DE035-6963-4156-B1EE-39CBDC42CA17}.Debug|Any CPU.Build.0 = Debug|Any CPU
	EndGlobalSection
	GlobalSection(SolutionProperties) = preSolution
		HideSolutionNode = FALSE
	EndGlobalSection
EndGlobal
